
Microsoft Visual Studio Solution File, Format Version 12.00
# Visual Studio 15
VisualStudioVersion = 15.0.27004.2010
MinimumVisualStudioVersion = 10.0.40219.1
Project("{9A19103F-16F7-4668-BE54-9A1E7A4F7556}") = "DevkitApi", "DevkitApi.csproj", "{FFD96E63-4CE4-4CFF-96BC-9DA093FAB117}"
EndProject
Global
	GlobalSection(SolutionConfigurationPlatforms) = preSolution
		Debug|Any CPU = Debug|Any CPU
		Release|Any CPU = Release|Any CPU
	EndGlobalSection
	GlobalSection(ProjectConfigurationPlatforms) = postSolution
		{FFD96E63-4CE4-4CFF-96BC-9DA093FAB117}.Debug|Any CPU.ActiveCfg = Debug|Any CPU
		{FFD96E63-4CE4-4CFF-96BC-9DA093FAB117}.Debug|Any CPU.Build.0 = Debug|Any CPU
		{FFD96E63-4CE4-4CFF-96BC-9DA093FAB117}.Release|Any CPU.ActiveCfg = Release|Any CPU
		{FFD96E63-4CE4-4CFF-96BC-9DA093FAB117}.Release|Any CPU.Build.0 = Release|Any CPU
	EndGlobalSection
	GlobalSection(SolutionProperties) = preSolution
		HideSolutionNode = FALSE
	EndGlobalSection
	GlobalSection(ExtensibilityGlobals) = postSolution
		SolutionGuid = {70F25ACB-0AD8-4868-AD7B-4D83EDFC8573}
	EndGlobalSection
EndGlobal
