
Microsoft Visual Studio Solution File, Format Version 12.00
# Visual Studio 15
VisualStudioVersion = 15.0.27130.2027
MinimumVisualStudioVersion = 10.0.40219.1
Project("{2150E333-8FDC-42A3-9474-1A3956D46DE8}") = "src", "src", "{EACEB169-BD84-45B7-8BD2-C107FE7F916E}"
EndProject
Project("{2150E333-8FDC-42A3-9474-1A3956D46DE8}") = "tests", "tests", "{2545A9C1-30FE-4FF0-A1E7-53EC211A0CB9}"
EndProject
Project("{FAE04EC0-301F-11D3-BF4B-00C04F79EFBC}") = "DevkitApi.UnitTest", "test\DevkitApi.UnitTest\DevkitApi.UnitTest.csproj", "{6B8D89CA-1426-4F7D-B1F1-3B65A9B2166F}"
EndProject
Global
	GlobalSection(SolutionConfigurationPlatforms) = preSolution
		Debug|Any CPU = Debug|Any CPU
		Release|Any CPU = Release|Any CPU
	EndGlobalSection
	GlobalSection(ProjectConfigurationPlatforms) = postSolution
		{6B8D89CA-1426-4F7D-B1F1-3B65A9B2166F}.Debug|Any CPU.ActiveCfg = Debug|Any CPU
		{6B8D89CA-1426-4F7D-B1F1-3B65A9B2166F}.Debug|Any CPU.Build.0 = Debug|Any CPU
		{6B8D89CA-1426-4F7D-B1F1-3B65A9B2166F}.Release|Any CPU.ActiveCfg = Release|Any CPU
		{6B8D89CA-1426-4F7D-B1F1-3B65A9B2166F}.Release|Any CPU.Build.0 = Release|Any CPU
	EndGlobalSection
	GlobalSection(SolutionProperties) = preSolution
		HideSolutionNode = FALSE
	EndGlobalSection
	GlobalSection(NestedProjects) = preSolution
		{6B8D89CA-1426-4F7D-B1F1-3B65A9B2166F} = {2545A9C1-30FE-4FF0-A1E7-53EC211A0CB9}
	EndGlobalSection
	GlobalSection(ExtensibilityGlobals) = postSolution
		SolutionGuid = {70F25ACB-0AD8-4868-AD7B-4D83EDFC8573}
	EndGlobalSection
EndGlobal
